
Microsoft Visual Studio Solution File, Format Version 12.00
# Visual Studio Version 17
VisualStudioVersion = 17.13.35913.81
MinimumVisualStudioVersion = 10.0.40219.1
Project("{FAE04EC0-301F-11D3-BF4B-00C04F79EFBC}") = "Microsoft.AspNet.SignalR.Samples", "Microsoft.AspNet.SignalR.Samples\Microsoft.AspNet.SignalR.Samples.csproj", "{1EA34A62-E03E-45CF-A9C9-82D2DA0FCD82}"
EndProject
Project("{FAE04EC0-301F-11D3-BF4B-00C04F79EFBC}") = "Microsoft.AspNet.SignalR.Samples2", "Microsoft.AspNet.SignalR.Samples2\Microsoft.AspNet.SignalR.Samples2.csproj", "{AD069987-0D02-4A4C-9F9E-9FBB9D049DE9}"
EndProject
Global
	GlobalSection(SolutionConfigurationPlatforms) = preSolution
		Debug|Any CPU = Debug|Any CPU
		Release|Any CPU = Release|Any CPU
	EndGlobalSection
	GlobalSection(ProjectConfigurationPlatforms) = postSolution
		{1EA34A62-E03E-45CF-A9C9-82D2DA0FCD82}.Debug|Any CPU.ActiveCfg = Debug|Any CPU
		{1EA34A62-E03E-45CF-A9C9-82D2DA0FCD82}.Debug|Any CPU.Build.0 = Debug|Any CPU
		{1EA34A62-E03E-45CF-A9C9-82D2DA0FCD82}.Release|Any CPU.ActiveCfg = Release|Any CPU
		{1EA34A62-E03E-45CF-A9C9-82D2DA0FCD82}.Release|Any CPU.Build.0 = Release|Any CPU
		{AD069987-0D02-4A4C-9F9E-9FBB9D049DE9}.Debug|Any CPU.ActiveCfg = Debug|Any CPU
		{AD069987-0D02-4A4C-9F9E-9FBB9D049DE9}.Debug|Any CPU.Build.0 = Debug|Any CPU
		{AD069987-0D02-4A4C-9F9E-9FBB9D049DE9}.Release|Any CPU.ActiveCfg = Release|Any CPU
		{AD069987-0D02-4A4C-9F9E-9FBB9D049DE9}.Release|Any CPU.Build.0 = Release|Any CPU
	EndGlobalSection
	GlobalSection(SolutionProperties) = preSolution
		HideSolutionNode = FALSE
	EndGlobalSection
	GlobalSection(ExtensibilityGlobals) = postSolution
		SolutionGuid = {E3282C13-D0F3-4ADA-B1E5-64FA1C45AC30}
	EndGlobalSection
EndGlobal
