
Microsoft Visual Studio Solution File, Format Version 12.00
# Visual Studio Version 17
VisualStudioVersion = 17.13.35818.85 d17.13
MinimumVisualStudioVersion = 10.0.40219.1
Project("{FAE04EC0-301F-11D3-BF4B-00C04F79EFBC}") = "WebSignalR", "WebSignalR\WebSignalR.csproj", "{FAB23E78-3A1A-18AD-CD11-805542107779}"
EndProject
Global
	GlobalSection(SolutionConfigurationPlatforms) = preSolution
		Debug|Any CPU = Debug|Any CPU
		Release|Any CPU = Release|Any CPU
	EndGlobalSection
	GlobalSection(ProjectConfigurationPlatforms) = postSolution
		{FAB23E78-3A1A-18AD-CD11-805542107779}.Debug|Any CPU.ActiveCfg = Debug|Any CPU
		{FAB23E78-3A1A-18AD-CD11-805542107779}.Debug|Any CPU.Build.0 = Debug|Any CPU
		{FAB23E78-3A1A-18AD-CD11-805542107779}.Release|Any CPU.ActiveCfg = Release|Any CPU
		{FAB23E78-3A1A-18AD-CD11-805542107779}.Release|Any CPU.Build.0 = Release|Any CPU
	EndGlobalSection
	GlobalSection(SolutionProperties) = preSolution
		HideSolutionNode = FALSE
	EndGlobalSection
	GlobalSection(ExtensibilityGlobals) = postSolution
		SolutionGuid = {941455A2-3D20-4E34-B887-A6FBF892A333}
	EndGlobalSection
EndGlobal
